{
  "name": "awsome-webpages",
  "version": "1.0.0",
  "lockfileVersion": 2,
  "requires": true,
  "packages": {
    "": {
      "name": "awsome-webpages",
      "version": "1.0.0",
      "license": "ISC",
      "dependencies": {
        "@ruienger/bimap": "^1.3.7"
      },
      "devDependencies": {
        "@ruienger/browse": "^1.0.1"
      }
    },
    "node_modules/@ruienger/bimap": {
      "version": "1.3.7",
      "resolved": "https://registry.npmjs.org/@ruienger/bimap/-/bimap-1.3.7.tgz",
      "integrity": "sha512-dAEIQ2FUYqIZiis5CmWyQMj1aPgUU2FFoC/eb8+FNYy03oBM79afjXrrRi0ksmmN96b9Tq7pVPw7OI+tz9kIlg=="
    },
    "node_modules/@ruienger/browse": {
      "version": "1.0.1",
      "resolved": "https://registry.npmjs.org/@ruienger/browse/-/browse-1.0.1.tgz",
      "integrity": "sha512-0ZAwLrtWmmbqCQCCo2Ywakg/iCTBKD/OOA96JUKM7NKhfEyNZ1FAL3YJwNuhyhiKKvbndbG8tka17ZFw+ro4PQ==",
      "dev": true
    }
  },
  "dependencies": {
    "@ruienger/bimap": {
      "version": "1.3.7",
      "resolved": "https://registry.npmjs.org/@ruienger/bimap/-/bimap-1.3.7.tgz",
      "integrity": "sha512-dAEIQ2FUYqIZiis5CmWyQMj1aPgUU2FFoC/eb8+FNYy03oBM79afjXrrRi0ksmmN96b9Tq7pVPw7OI+tz9kIlg=="
    },
    "@ruienger/browse": {
      "version": "1.0.1",
      "resolved": "https://registry.npmjs.org/@ruienger/browse/-/browse-1.0.1.tgz",
      "integrity": "sha512-0ZAwLrtWmmbqCQCCo2Ywakg/iCTBKD/OOA96JUKM7NKhfEyNZ1FAL3YJwNuhyhiKKvbndbG8tka17ZFw+ro4PQ==",
      "dev": true
    }
  }
}
